schema: '2.0'
stages:
  data_split:
    cmd: python src/data_split.py
    deps:
    - path: data/all_data/
      hash: md5
      md5: 418367d88831a56dc67023fccda46110.dir
      size: 87373824
      nfiles: 220
    - path: src/data_split.py
      hash: md5
      md5: 92cbc3ea6a0740e559466a998e11ba99
      size: 3506
    params:
      params.yaml:
        base:
          random_seed: 0
          model_image_size: 512
          loss_function: dice_loss
          image_channels: 1
          output_classes: 1
        data_split:
          test_split: 0.2
          data_dir: data/all_data/
          train_data_dir: data/train/
          test_data_dir: data/test/
    outs:
    - path: data/test
      hash: md5
      md5: 1bf9b4f88a442138128e8e7a38e93fa7.dir
      size: 17461071
      nfiles: 44
    - path: data/train
      hash: md5
      md5: 237a84427001899a45c7c0981237d374.dir
      size: 69912753
      nfiles: 176
  train:
    cmd: python src/train.py
    deps:
    - path: data/train/
      hash: md5
      md5: 237a84427001899a45c7c0981237d374.dir
      size: 69912753
      nfiles: 176
    - path: src/train.py
      hash: md5
      md5: 12c6c4fa049a950eb7f3da3a72a7f373
      size: 14294
    - path: src/unet.py
      hash: md5
      md5: 02054ba044ba73a69128c66c7725a717
      size: 8405
    params:
      params.yaml:
        base:
          random_seed: 0
          model_image_size: 512
          loss_function: dice_loss
          image_channels: 1
          output_classes: 1
        train:
          train_data_dir: data/train/
          model_save_dir: models/
          batch_size: 9
          epochs: 400
          conv_activation_function: relu
          final_activation_function: sigmoid
          learning_rate: 1e-05
          augment_zoom_percent: 0.2
          augment_flip_rotate: true
          norm_upper_bound: 5
          norm_lower_bound: -1
          validation_split: 0.2
    outs:
    - path: models/output-model.keras
      hash: md5
      md5: 6020385c382bd1889346b3a193bd9e0c
      size: 23460573
    - path: results/train/
      hash: md5
      md5: bbf1f1d686d69f95deaf628f570e8bfd.dir
      size: 36865
      nfiles: 5
  evaluate:
    cmd: python src/evaluate.py
    deps:
    - path: data/test/
      hash: md5
      md5: 1bf9b4f88a442138128e8e7a38e93fa7.dir
      size: 17461071
      nfiles: 44
    - path: models/output-model.keras
      hash: md5
      md5: 6020385c382bd1889346b3a193bd9e0c
      size: 23460573
    - path: src/evaluate.py
      hash: md5
      md5: 80cbd78857db43137f24118a3ed04caa
      size: 7797
    - path: src/unet.py
      hash: md5
      md5: 02054ba044ba73a69128c66c7725a717
      size: 8405
    params:
      params.yaml:
        base:
          random_seed: 0
          model_image_size: 512
          loss_function: dice_loss
          image_channels: 1
          output_classes: 1
        evaluate:
          model_path: models/output-model.keras
          test_data_dir: data/test/
    outs:
    - path: results/evaluate/
      hash: md5
      md5: e9b269ff4bf4cc038ad004430b4e6860.dir
      size: 2134040
      nfiles: 12
